
Microsoft Visual Studio Solution File, Format Version 12.00
# Visual Studio Version 17
VisualStudioVersion = 17.5.002.0
MinimumVisualStudioVersion = 10.0.40219.1
Project("{9A19103F-16F7-4668-BE54-9A1E7A4F7556}") = "Examen-Final", "Examen-Final.csproj", "{C1D3D17E-7733-4015-ACE8-58332EC397DF}"
EndProject
Global
	GlobalSection(SolutionConfigurationPlatforms) = preSolution
		Debug|Any CPU = Debug|Any CPU
		Release|Any CPU = Release|Any CPU
	EndGlobalSection
	GlobalSection(ProjectConfigurationPlatforms) = postSolution
		{C1D3D17E-7733-4015-ACE8-58332EC397DF}.Debug|Any CPU.ActiveCfg = Debug|Any CPU
		{C1D3D17E-7733-4015-ACE8-58332EC397DF}.Debug|Any CPU.Build.0 = Debug|Any CPU
		{C1D3D17E-7733-4015-ACE8-58332EC397DF}.Release|Any CPU.ActiveCfg = Release|Any CPU
		{C1D3D17E-7733-4015-ACE8-58332EC397DF}.Release|Any CPU.Build.0 = Release|Any CPU
	EndGlobalSection
	GlobalSection(SolutionProperties) = preSolution
		HideSolutionNode = FALSE
	EndGlobalSection
	GlobalSection(ExtensibilityGlobals) = postSolution
		SolutionGuid = {159974D4-1E30-47DB-8ADD-40C4CDE690A3}
	EndGlobalSection
EndGlobal
